{
  "version": "5",
  "specifiers": {
    "jsr:@hazae41/phobos@^2.0.13": "2.0.13",
    "jsr:@hazae41/result-and-option@^2.0.8": "2.0.8",
    "jsr:@hazae41/tscousin@^1.0.28": "1.0.28",
    "npm:@hazae41/phobos@^2.0.13": "2.0.13",
    "npm:@hazae41/result-and-option@^2.0.8": "2.0.8",
    "npm:@hazae41/tscousin@^1.0.28": "1.0.28",
    "npm:@types/node@*": "24.2.0",
    "npm:typescript@^5.9.3": "5.9.3"
  },
  "jsr": {
    "@hazae41/phobos@2.0.13": {
      "integrity": "f10b48a7feca6b77b548dddcf1e7ee7032c0de3acf0734f088a946d9c7c856d3"
    },
    "@hazae41/result-and-option@2.0.8": {
      "integrity": "c6912e8b04a88ad434c7c4859588db6147a65bc4ce294e4411d6d47bdcdea1e3"
    },
    "@hazae41/tscousin@1.0.28": {
      "integrity": "5218915c136dd5c2b155cec4cdc38915a6cee42db17f3598ad35f47a19afb928"
    }
  },
  "npm": {
    "@hazae41/phobos@2.0.13": {
      "integrity": "sha512-5v/hh90e/tGxklBn/uzdUd+TFPgvSusbddVHvDIDGN68SakVCmM1us/X/xPG4Hvo0Elf7UNpaxLUVGfBZ0tHKg=="
    },
    "@hazae41/result-and-option@2.0.8": {
      "integrity": "sha512-Qaf+3tz5aWywy3E7LvNh5N+ClZRiyVor2z54viSlMDBX3f2nMujYv4RS2QWDCnEr3Ylu4Rf4GuC52n7kMTWKow=="
    },
    "@hazae41/tscousin@1.0.28": {
      "integrity": "sha512-Wrg/66m0hLexrifpzJ5a/D7Jzb7FhLzBWrCFAgjZa+DIU8prA5rX4MwD5K34UZ6jsYBRZsYwNeVEYRqOIJHOEQ==",
      "bin": true
    },
    "@types/node@24.2.0": {
      "integrity": "sha512-3xyG3pMCq3oYCNg7/ZP+E1ooTaGB4cG8JWRsqqOYQdbWNY4zbaV0Ennrd7stjiJEFZCaybcIgpTjJWHRfBSIDw==",
      "dependencies": [
        "undici-types"
      ]
    },
    "typescript@5.9.3": {
      "integrity": "sha512-jl1vZzPDinLr9eUt3J/t7V6FgNEw9QjvBPdysz9KfQDD41fQrC2Y4vKQdiaUpFT4bXlb1RHhLpp8wtm6M5TgSw==",
      "bin": true
    },
    "undici-types@7.10.0": {
      "integrity": "sha512-t5Fy/nfn+14LuOc2KNYg75vZqClpAiqscVvMygNnlsHBFpSXdJaYtXMcdNLpl/Qvc3P2cB3s6lOV51nqsFq4ag=="
    }
  },
  "workspace": {
    "dependencies": [
      "jsr:@hazae41/phobos@^2.0.13",
      "jsr:@hazae41/result-and-option@^2.0.8",
      "jsr:@hazae41/tscousin@^1.0.28"
    ],
    "packageJson": {
      "dependencies": [
        "npm:@hazae41/phobos@^2.0.13",
        "npm:@hazae41/result-and-option@^2.0.8",
        "npm:@hazae41/tscousin@^1.0.28",
        "npm:typescript@^5.9.3"
      ]
    }
  }
}
