{
  "name": "@hazae41/immutable",
  "version": "2.0.13",
  "lockfileVersion": 3,
  "requires": true,
  "packages": {
    "": {
      "name": "@hazae41/immutable",
      "version": "2.0.13",
      "dependencies": {
        "@hazae41/result-and-option": "^2.0.8"
      },
      "devDependencies": {
        "@hazae41/phobos": "^2.0.10",
        "@hazae41/tscousin": "^1.0.23",
        "typescript": "^5.9.3"
      }
    },
    "node_modules/@hazae41/phobos": {
      "version": "2.0.10",
      "resolved": "https://registry.npmjs.org/@hazae41/phobos/-/phobos-2.0.10.tgz",
      "integrity": "sha512-o+TV5xgsDx23j1rLFPZKKOj9nfMCog4FCQiEHw8IdiUjm4fiJiR3XfH2qHBzBLjN/w3RLoohcfkuaoww7WSYjw==",
      "dev": true
    },
    "node_modules/@hazae41/result-and-option": {
      "version": "2.0.8",
      "resolved": "https://registry.npmjs.org/@hazae41/result-and-option/-/result-and-option-2.0.8.tgz",
      "integrity": "sha512-Qaf+3tz5aWywy3E7LvNh5N+ClZRiyVor2z54viSlMDBX3f2nMujYv4RS2QWDCnEr3Ylu4Rf4GuC52n7kMTWKow=="
    },
    "node_modules/@hazae41/tscousin": {
      "version": "1.0.23",
      "resolved": "https://registry.npmjs.org/@hazae41/tscousin/-/tscousin-1.0.23.tgz",
      "integrity": "sha512-bXLYCg7l9Hx9YezKuKdXroVCT4GMOiRoQq1+U77+prv6wwS6BGEQ1XBNdlsfpS5tS/3c5E38potPYWNWyrhUFw==",
      "dev": true,
      "bin": {
        "tscousin": "out/bin.js"
      }
    },
    "node_modules/typescript": {
      "version": "5.9.3",
      "resolved": "https://registry.npmjs.org/typescript/-/typescript-5.9.3.tgz",
      "integrity": "sha512-jl1vZzPDinLr9eUt3J/t7V6FgNEw9QjvBPdysz9KfQDD41fQrC2Y4vKQdiaUpFT4bXlb1RHhLpp8wtm6M5TgSw==",
      "dev": true,
      "license": "Apache-2.0",
      "bin": {
        "tsc": "bin/tsc",
        "tsserver": "bin/tsserver"
      },
      "engines": {
        "node": ">=14.17"
      }
    }
  }
}
